
Microsoft Visual Studio Solution File, Format Version 12.00
# Visual Studio Version 17
VisualStudioVersion = 17.7.34202.233
MinimumVisualStudioVersion = 10.0.40219.1
Project("{FAE04EC0-301F-11D3-BF4B-00C04F79EFBC}") = "HW_3.2", "HW_3.2\HW_3.2.csproj", "{DB9964FE-7668-4DD2-9524-FEAD77AC7413}"
EndProject
Global
	GlobalSection(SolutionConfigurationPlatforms) = preSolution
		Debug|Any CPU = Debug|Any CPU
		Release|Any CPU = Release|Any CPU
	EndGlobalSection
	GlobalSection(ProjectConfigurationPlatforms) = postSolution
		{DB9964FE-7668-4DD2-9524-FEAD77AC7413}.Debug|Any CPU.ActiveCfg = Debug|Any CPU
		{DB9964FE-7668-4DD2-9524-FEAD77AC7413}.Debug|Any CPU.Build.0 = Debug|Any CPU
		{DB9964FE-7668-4DD2-9524-FEAD77AC7413}.Release|Any CPU.ActiveCfg = Release|Any CPU
		{DB9964FE-7668-4DD2-9524-FEAD77AC7413}.Release|Any CPU.Build.0 = Release|Any CPU
	EndGlobalSection
	GlobalSection(SolutionProperties) = preSolution
		HideSolutionNode = FALSE
	EndGlobalSection
	GlobalSection(ExtensibilityGlobals) = postSolution
		SolutionGuid = {6390D2A5-6759-4F26-9802-F6C86CCC0573}
	EndGlobalSection
EndGlobal
